{
  "name": "vk-music-backup",
  "lockfileVersion": 3,
  "requires": true,
  "packages": {
    "": {
      "name": "vk-music-backup",
      "version": "0.1.19",
      "devDependencies": {
        "fake-indexeddb": "6.2.4"
      }
    },
    "node_modules/fake-indexeddb": {
      "version": "6.2.4",
      "resolved": "https://registry.npmjs.org/fake-indexeddb/-/fake-indexeddb-6.2.4.tgz",
      "integrity": "sha512-INKeIKEtSViN4yVtEWEUqbsqmaIy7Ls+MfU0yxQVXg67pOJ/sH1ZxcVrP8XrKULUFohcPD9gnmym+qBfEybACw==",
      "license": "Apache-2.0",
      "engines": {
        "node": ">=18"
      }
    }
  },
  "version": "0.1.19"
}
